
Microsoft Visual Studio Solution File, Format Version 12.00
# Visual Studio Version 17
VisualStudioVersion = 17.3.32825.248
MinimumVisualStudioVersion = 10.0.40219.1
Project("{FAE04EC0-301F-11D3-BF4B-00C04F79EFBC}") = "BlazorHaningman", "BlazorHaningman.csproj", "{510F15CB-FC94-486A-89B7-A9BE2A3FC0B3}"
EndProject
Global
	GlobalSection(SolutionConfigurationPlatforms) = preSolution
		Debug|Any CPU = Debug|Any CPU
		Release|Any CPU = Release|Any CPU
	EndGlobalSection
	GlobalSection(ProjectConfigurationPlatforms) = postSolution
		{510F15CB-FC94-486A-89B7-A9BE2A3FC0B3}.Debug|Any CPU.ActiveCfg = Debug|Any CPU
		{510F15CB-FC94-486A-89B7-A9BE2A3FC0B3}.Debug|Any CPU.Build.0 = Debug|Any CPU
		{510F15CB-FC94-486A-89B7-A9BE2A3FC0B3}.Release|Any CPU.ActiveCfg = Release|Any CPU
		{510F15CB-FC94-486A-89B7-A9BE2A3FC0B3}.Release|Any CPU.Build.0 = Release|Any CPU
	EndGlobalSection
	GlobalSection(SolutionProperties) = preSolution
		HideSolutionNode = FALSE
	EndGlobalSection
	GlobalSection(ExtensibilityGlobals) = postSolution
		SolutionGuid = {12464B2C-DFAB-4A40-872E-C50E4F2EBE00}
	EndGlobalSection
EndGlobal
